
Microsoft Visual Studio Solution File, Format Version 12.00
# Visual Studio Version 17
VisualStudioVersion = 17.7.34221.43
MinimumVisualStudioVersion = 10.0.40219.1
Project("{9A19103F-16F7-4668-BE54-9A1E7A4F7556}") = "HtlPortalCore.WebApi", "HtlPortalCore.WebApi\HtlPortalCore.WebApi.csproj", "{244F4B64-10DF-4B64-83DE-9931DCB18485}"
EndProject
Project("{9A19103F-16F7-4668-BE54-9A1E7A4F7556}") = "HtlPortalCore.DataAccess", "HtlPortalCore.DataAccess\HtlPortalCore.DataAccess.csproj", "{B7E1FE46-5768-4591-962C-AA39720BCDD3}"
EndProject
Project("{2150E333-8FDC-42A3-9474-1A3956D46DE8}") = "SolutionItems", "SolutionItems", "{CA36105F-6864-4FFA-A1E8-7DEEAB529FA0}"
	ProjectSection(SolutionItems) = preProject
		ReadMe.md = ReadMe.md
	EndProjectSection
EndProject
Project("{FAE04EC0-301F-11D3-BF4B-00C04F79EFBC}") = "HtlPortalCore", "HtlPortalCore\HtlPortalCore.csproj", "{333502EA-9386-4236-A998-FAF3588BD87A}"
EndProject
Project("{FAE04EC0-301F-11D3-BF4B-00C04F79EFBC}") = "HtlPortalCore.Common", "HtlPortalCore.Common\HtlPortalCore.Common.csproj", "{8EDE5F2B-D8C9-497A-8EE2-B02F0BBF1482}"
EndProject
Global
	GlobalSection(SolutionConfigurationPlatforms) = preSolution
		Debug|Any CPU = Debug|Any CPU
		Release|Any CPU = Release|Any CPU
	EndGlobalSection
	GlobalSection(ProjectConfigurationPlatforms) = postSolution
		{244F4B64-10DF-4B64-83DE-9931DCB18485}.Debug|Any CPU.ActiveCfg = Debug|Any CPU
		{244F4B64-10DF-4B64-83DE-9931DCB18485}.Debug|Any CPU.Build.0 = Debug|Any CPU
		{244F4B64-10DF-4B64-83DE-9931DCB18485}.Release|Any CPU.ActiveCfg = Release|Any CPU
		{244F4B64-10DF-4B64-83DE-9931DCB18485}.Release|Any CPU.Build.0 = Release|Any CPU
		{B7E1FE46-5768-4591-962C-AA39720BCDD3}.Debug|Any CPU.ActiveCfg = Debug|Any CPU
		{B7E1FE46-5768-4591-962C-AA39720BCDD3}.Debug|Any CPU.Build.0 = Debug|Any CPU
		{B7E1FE46-5768-4591-962C-AA39720BCDD3}.Release|Any CPU.ActiveCfg = Release|Any CPU
		{B7E1FE46-5768-4591-962C-AA39720BCDD3}.Release|Any CPU.Build.0 = Release|Any CPU
		{333502EA-9386-4236-A998-FAF3588BD87A}.Debug|Any CPU.ActiveCfg = Debug|Any CPU
		{333502EA-9386-4236-A998-FAF3588BD87A}.Debug|Any CPU.Build.0 = Debug|Any CPU
		{333502EA-9386-4236-A998-FAF3588BD87A}.Release|Any CPU.ActiveCfg = Release|Any CPU
		{333502EA-9386-4236-A998-FAF3588BD87A}.Release|Any CPU.Build.0 = Release|Any CPU
		{8EDE5F2B-D8C9-497A-8EE2-B02F0BBF1482}.Debug|Any CPU.ActiveCfg = Debug|Any CPU
		{8EDE5F2B-D8C9-497A-8EE2-B02F0BBF1482}.Debug|Any CPU.Build.0 = Debug|Any CPU
		{8EDE5F2B-D8C9-497A-8EE2-B02F0BBF1482}.Release|Any CPU.ActiveCfg = Release|Any CPU
		{8EDE5F2B-D8C9-497A-8EE2-B02F0BBF1482}.Release|Any CPU.Build.0 = Release|Any CPU
	EndGlobalSection
	GlobalSection(SolutionProperties) = preSolution
		HideSolutionNode = FALSE
	EndGlobalSection
	GlobalSection(ExtensibilityGlobals) = postSolution
		SolutionGuid = {A8DA8B5B-6444-4917-A730-BFDE7C6E23D1}
	EndGlobalSection
EndGlobal
